
Microsoft Visual Studio Solution File, Format Version 12.00
# Visual Studio Version 17
VisualStudioVersion = 17.7.34024.191
MinimumVisualStudioVersion = 10.0.40219.1
Project("{FAE04EC0-301F-11D3-BF4B-00C04F79EFBC}") = "git-branching", "git-branching.csproj", "{2615AA87-224F-4A0B-9275-09D0F0D371B2}"
EndProject
Global
	GlobalSection(SolutionConfigurationPlatforms) = preSolution
		Debug|Any CPU = Debug|Any CPU
		Release|Any CPU = Release|Any CPU
	EndGlobalSection
	GlobalSection(ProjectConfigurationPlatforms) = postSolution
		{2615AA87-224F-4A0B-9275-09D0F0D371B2}.Debug|Any CPU.ActiveCfg = Debug|Any CPU
		{2615AA87-224F-4A0B-9275-09D0F0D371B2}.Debug|Any CPU.Build.0 = Debug|Any CPU
		{2615AA87-224F-4A0B-9275-09D0F0D371B2}.Release|Any CPU.ActiveCfg = Release|Any CPU
		{2615AA87-224F-4A0B-9275-09D0F0D371B2}.Release|Any CPU.Build.0 = Release|Any CPU
	EndGlobalSection
	GlobalSection(SolutionProperties) = preSolution
		HideSolutionNode = FALSE
	EndGlobalSection
	GlobalSection(ExtensibilityGlobals) = postSolution
		SolutionGuid = {FF298392-37EE-452E-9F21-3B68A870590C}
	EndGlobalSection
EndGlobal
